name: Lock Threads

on:
  schedule:
    - cron: '0 0 * * *' # Runs daily at midnight
  workflow_dispatch:

jobs:
  lock:
    runs-on: ubuntu-latest
    steps:
      - name: Lock Threads
        uses: dessant/lock-threads@v2
        with:
          github-token: ${{ secrets.GITHUB_TOKEN }}
          issue-lock-reason: resolved
          pr-lock-reason: resolved
